
Microsoft Visual Studio Solution File, Format Version 12.00
# Visual Studio 14
VisualStudioVersion = 14.0.25420.1
MinimumVisualStudioVersion = 10.0.40219.1
Project("{FAE04EC0-301F-11D3-BF4B-00C04F79EFBC}") = "House.Android", "House\House.Android\House.Android.csproj", "{50E22A4E-A6FE-4879-BCB5-CCB90DE1C29C}"
EndProject
Project("{FAE04EC0-301F-11D3-BF4B-00C04F79EFBC}") = "House", "House\House\House.csproj", "{B5E8DB12-450C-493F-8180-FCC0530B3BAA}"
EndProject
Project("{FAE04EC0-301F-11D3-BF4B-00C04F79EFBC}") = "House.UWP", "House\House.UWP\House.UWP.csproj", "{E20F08B8-7E36-4D44-97FC-23B5C5E55DB1}"
EndProject
Project("{FAE04EC0-301F-11D3-BF4B-00C04F79EFBC}") = "House.iOS", "House\House.iOS\House.iOS.csproj", "{F885CBEA-B485-4A5C-AD6E-392E37078749}"
EndProject
Global
	GlobalSection(SolutionConfigurationPlatforms) = preSolution
		Ad-Hoc|Any CPU = Ad-Hoc|Any CPU
		Ad-Hoc|ARM = Ad-Hoc|ARM
		Ad-Hoc|iPhone = Ad-Hoc|iPhone
		Ad-Hoc|iPhoneSimulator = Ad-Hoc|iPhoneSimulator
		Ad-Hoc|x64 = Ad-Hoc|x64
		Ad-Hoc|x86 = Ad-Hoc|x86
		AppStore|Any CPU = AppStore|Any CPU
		AppStore|ARM = AppStore|ARM
		AppStore|iPhone = AppStore|iPhone
		AppStore|iPhoneSimulator = AppStore|iPhoneSimulator
		AppStore|x64 = AppStore|x64
		AppStore|x86 = AppStore|x86
		Debug|Any CPU = Debug|Any CPU
		Debug|ARM = Debug|ARM
		Debug|iPhone = Debug|iPhone
		Debug|iPhoneSimulator = Debug|iPhoneSimulator
		Debug|x64 = Debug|x64
		Debug|x86 = Debug|x86
		Release|Any CPU = Release|Any CPU
		Release|ARM = Release|ARM
		Release|iPhone = Release|iPhone
		Release|iPhoneSimulator = Release|iPhoneSimulator
		Release|x64 = Release|x64
		Release|x86 = Release|x86
	EndGlobalSection
	GlobalSection(ProjectConfigurationPlatforms) = postSolution
		{50E22A4E-A6FE-4879-BCB5-CCB90DE1C29C}.Ad-Hoc|Any CPU.ActiveCfg = Release|Any CPU
		{50E22A4E-A6FE-4879-BCB5-CCB90DE1C29C}.Ad-Hoc|Any CPU.Build.0 = Release|Any CPU
		{50E22A4E-A6FE-4879-BCB5-CCB90DE1C29C}.Ad-Hoc|Any CPU.Deploy.0 = Release|Any CPU
		{50E22A4E-A6FE-4879-BCB5-CCB90DE1C29C}.Ad-Hoc|ARM.ActiveCfg = Release|Any CPU
		{50E22A4E-A6FE-4879-BCB5-CCB90DE1C29C}.Ad-Hoc|ARM.Build.0 = Release|Any CPU
		{50E22A4E-A6FE-4879-BCB5-CCB90DE1C29C}.Ad-Hoc|ARM.Deploy.0 = Release|Any CPU
		{50E22A4E-A6FE-4879-BCB5-CCB90DE1C29C}.Ad-Hoc|iPhone.ActiveCfg = Release|Any CPU
		{50E22A4E-A6FE-4879-BCB5-CCB90DE1C29C}.Ad-Hoc|iPhone.Build.0 = Release|Any CPU
		{50E22A4E-A6FE-4879-BCB5-CCB90DE1C29C}.Ad-Hoc|iPhone.Deploy.0 = Release|Any CPU
		{50E22A4E-A6FE-4879-BCB5-CCB90DE1C29C}.Ad-Hoc|iPhoneSimulator.ActiveCfg = Release|Any CPU
		{50E22A4E-A6FE-4879-BCB5-CCB90DE1C29C}.Ad-Hoc|iPhoneSimulator.Build.0 = Release|Any CPU
		{50E22A4E-A6FE-4879-BCB5-CCB90DE1C29C}.Ad-Hoc|iPhoneSimulator.Deploy.0 = Release|Any CPU
		{50E22A4E-A6FE-4879-BCB5-CCB90DE1C29C}.Ad-Hoc|x64.ActiveCfg = Release|Any CPU
		{50E22A4E-A6FE-4879-BCB5-CCB90DE1C29C}.Ad-Hoc|x64.Build.0 = Release|Any CPU
		{50E22A4E-A6FE-4879-BCB5-CCB90DE1C29C}.Ad-Hoc|x64.Deploy.0 = Release|Any CPU
		{50E22A4E-A6FE-4879-BCB5-CCB90DE1C29C}.Ad-Hoc|x86.ActiveCfg = Release|Any CPU
		{50E22A4E-A6FE-4879-BCB5-CCB90DE1C29C}.Ad-Hoc|x86.Build.0 = Release|Any CPU
		{50E22A4E-A6FE-4879-BCB5-CCB90DE1C29C}.Ad-Hoc|x86.Deploy.0 = Release|Any CPU
		{50E22A4E-A6FE-4879-BCB5-CCB90DE1C29C}.AppStore|Any CPU.ActiveCfg = Release|Any CPU
		{50E22A4E-A6FE-4879-BCB5-CCB90DE1C29C}.AppStore|Any CPU.Build.0 = Release|Any CPU
		{50E22A4E-A6FE-4879-BCB5-CCB90DE1C29C}.AppStore|Any CPU.Deploy.0 = Release|Any CPU
		{50E22A4E-A6FE-4879-BCB5-CCB90DE1C29C}.AppStore|ARM.ActiveCfg = Release|Any CPU
		{50E22A4E-A6FE-4879-BCB5-CCB90DE1C29C}.AppStore|ARM.Build.0 = Release|Any CPU
		{50E22A4E-A6FE-4879-BCB5-CCB90DE1C29C}.AppStore|ARM.Deploy.0 = Release|Any CPU
		{50E22A4E-A6FE-4879-BCB5-CCB90DE1C29C}.AppStore|iPhone.ActiveCfg = Release|Any CPU
		{50E22A4E-A6FE-4879-BCB5-CCB90DE1C29C}.AppStore|iPhone.Build.0 = Release|Any CPU
		{50E22A4E-A6FE-4879-BCB5-CCB90DE1C29C}.AppStore|iPhone.Deploy.0 = Release|Any CPU
		{50E22A4E-A6FE-4879-BCB5-CCB90DE1C29C}.AppStore|iPhoneSimulator.ActiveCfg = Release|Any CPU
		{50E22A4E-A6FE-4879-BCB5-CCB90DE1C29C}.AppStore|iPhoneSimulator.Build.0 = Release|Any CPU
		{50E22A4E-A6FE-4879-BCB5-CCB90DE1C29C}.AppStore|iPhoneSimulator.Deploy.0 = Release|Any CPU
		{50E22A4E-A6FE-4879-BCB5-CCB90DE1C29C}.AppStore|x64.ActiveCfg = Release|Any CPU
		{50E22A4E-A6FE-4879-BCB5-CCB90DE1C29C}.AppStore|x64.Build.0 = Release|Any CPU
		{50E22A4E-A6FE-4879-BCB5-CCB90DE1C29C}.AppStore|x64.Deploy.0 = Release|Any CPU
		{50E22A4E-A6FE-4879-BCB5-CCB90DE1C29C}.AppStore|x86.ActiveCfg = Release|Any CPU
		{50E22A4E-A6FE-4879-BCB5-CCB90DE1C29C}.AppStore|x86.Build.0 = Release|Any CPU
		{50E22A4E-A6FE-4879-BCB5-CCB90DE1C29C}.AppStore|x86.Deploy.0 = Release|Any CPU
		{50E22A4E-A6FE-4879-BCB5-CCB90DE1C29C}.Debug|Any CPU.ActiveCfg = Debug|Any CPU
		{50E22A4E-A6FE-4879-BCB5-CCB90DE1C29C}.Debug|Any CPU.Build.0 = Debug|Any CPU
		{50E22A4E-A6FE-4879-BCB5-CCB90DE1C29C}.Debug|Any CPU.Deploy.0 = Debug|Any CPU
		{50E22A4E-A6FE-4879-BCB5-CCB90DE1C29C}.Debug|ARM.ActiveCfg = Debug|Any CPU
		{50E22A4E-A6FE-4879-BCB5-CCB90DE1C29C}.Debug|ARM.Build.0 = Debug|Any CPU
		{50E22A4E-A6FE-4879-BCB5-CCB90DE1C29C}.Debug|ARM.Deploy.0 = Debug|Any CPU
		{50E22A4E-A6FE-4879-BCB5-CCB90DE1C29C}.Debug|iPhone.ActiveCfg = Debug|Any CPU
		{50E22A4E-A6FE-4879-BCB5-CCB90DE1C29C}.Debug|iPhone.Build.0 = Debug|Any CPU
		{50E22A4E-A6FE-4879-BCB5-CCB90DE1C29C}.Debug|iPhone.Deploy.0 = Debug|Any CPU
		{50E22A4E-A6FE-4879-BCB5-CCB90DE1C29C}.Debug|iPhoneSimulator.ActiveCfg = Debug|Any CPU
		{50E22A4E-A6FE-4879-BCB5-CCB90DE1C29C}.Debug|iPhoneSimulator.Build.0 = Debug|Any CPU
		{50E22A4E-A6FE-4879-BCB5-CCB90DE1C29C}.Debug|iPhoneSimulator.Deploy.0 = Debug|Any CPU
		{50E22A4E-A6FE-4879-BCB5-CCB90DE1C29C}.Debug|x64.ActiveCfg = Debug|Any CPU
		{50E22A4E-A6FE-4879-BCB5-CCB90DE1C29C}.Debug|x64.Build.0 = Debug|Any CPU
		{50E22A4E-A6FE-4879-BCB5-CCB90DE1C29C}.Debug|x64.Deploy.0 = Debug|Any CPU
		{50E22A4E-A6FE-4879-BCB5-CCB90DE1C29C}.Debug|x86.ActiveCfg = Debug|Any CPU
		{50E22A4E-A6FE-4879-BCB5-CCB90DE1C29C}.Debug|x86.Build.0 = Debug|Any CPU
		{50E22A4E-A6FE-4879-BCB5-CCB90DE1C29C}.Debug|x86.Deploy.0 = Debug|Any CPU
		{50E22A4E-A6FE-4879-BCB5-CCB90DE1C29C}.Release|Any CPU.ActiveCfg = Release|Any CPU
		{50E22A4E-A6FE-4879-BCB5-CCB90DE1C29C}.Release|Any CPU.Build.0 = Release|Any CPU
		{50E22A4E-A6FE-4879-BCB5-CCB90DE1C29C}.Release|Any CPU.Deploy.0 = Release|Any CPU
		{50E22A4E-A6FE-4879-BCB5-CCB90DE1C29C}.Release|ARM.ActiveCfg = Release|Any CPU
		{50E22A4E-A6FE-4879-BCB5-CCB90DE1C29C}.Release|ARM.Build.0 = Release|Any CPU
		{50E22A4E-A6FE-4879-BCB5-CCB90DE1C29C}.Release|ARM.Deploy.0 = Release|Any CPU
		{50E22A4E-A6FE-4879-BCB5-CCB90DE1C29C}.Release|iPhone.ActiveCfg = Release|Any CPU
		{50E22A4E-A6FE-4879-BCB5-CCB90DE1C29C}.Release|iPhone.Build.0 = Release|Any CPU
		{50E22A4E-A6FE-4879-BCB5-CCB90DE1C29C}.Release|iPhone.Deploy.0 = Release|Any CPU
		{50E22A4E-A6FE-4879-BCB5-CCB90DE1C29C}.Release|iPhoneSimulator.ActiveCfg = Release|Any CPU
		{50E22A4E-A6FE-4879-BCB5-CCB90DE1C29C}.Release|iPhoneSimulator.Build.0 = Release|Any CPU
		{50E22A4E-A6FE-4879-BCB5-CCB90DE1C29C}.Release|iPhoneSimulator.Deploy.0 = Release|Any CPU
		{50E22A4E-A6FE-4879-BCB5-CCB90DE1C29C}.Release|x64.ActiveCfg = Release|Any CPU
		{50E22A4E-A6FE-4879-BCB5-CCB90DE1C29C}.Release|x64.Build.0 = Release|Any CPU
		{50E22A4E-A6FE-4879-BCB5-CCB90DE1C29C}.Release|x64.Deploy.0 = Release|Any CPU
		{50E22A4E-A6FE-4879-BCB5-CCB90DE1C29C}.Release|x86.ActiveCfg = Release|Any CPU
		{50E22A4E-A6FE-4879-BCB5-CCB90DE1C29C}.Release|x86.Build.0 = Release|Any CPU
		{50E22A4E-A6FE-4879-BCB5-CCB90DE1C29C}.Release|x86.Deploy.0 = Release|Any CPU
		{B5E8DB12-450C-493F-8180-FCC0530B3BAA}.Ad-Hoc|Any CPU.ActiveCfg = Release|Any CPU
		{B5E8DB12-450C-493F-8180-FCC0530B3BAA}.Ad-Hoc|Any CPU.Build.0 = Release|Any CPU
		{B5E8DB12-450C-493F-8180-FCC0530B3BAA}.Ad-Hoc|ARM.ActiveCfg = Release|Any CPU
		{B5E8DB12-450C-493F-8180-FCC0530B3BAA}.Ad-Hoc|ARM.Build.0 = Release|Any CPU
		{B5E8DB12-450C-493F-8180-FCC0530B3BAA}.Ad-Hoc|iPhone.ActiveCfg = Release|Any CPU
		{B5E8DB12-450C-493F-8180-FCC0530B3BAA}.Ad-Hoc|iPhone.Build.0 = Release|Any CPU
		{B5E8DB12-450C-493F-8180-FCC0530B3BAA}.Ad-Hoc|iPhoneSimulator.ActiveCfg = Release|Any CPU
		{B5E8DB12-450C-493F-8180-FCC0530B3BAA}.Ad-Hoc|iPhoneSimulator.Build.0 = Release|Any CPU
		{B5E8DB12-450C-493F-8180-FCC0530B3BAA}.Ad-Hoc|x64.ActiveCfg = Release|Any CPU
		{B5E8DB12-450C-493F-8180-FCC0530B3BAA}.Ad-Hoc|x64.Build.0 = Release|Any CPU
		{B5E8DB12-450C-493F-8180-FCC0530B3BAA}.Ad-Hoc|x86.ActiveCfg = Release|Any CPU
		{B5E8DB12-450C-493F-8180-FCC0530B3BAA}.Ad-Hoc|x86.Build.0 = Release|Any CPU
		{B5E8DB12-450C-493F-8180-FCC0530B3BAA}.AppStore|Any CPU.ActiveCfg = Release|Any CPU
		{B5E8DB12-450C-493F-8180-FCC0530B3BAA}.AppStore|Any CPU.Build.0 = Release|Any CPU
		{B5E8DB12-450C-493F-8180-FCC0530B3BAA}.AppStore|ARM.ActiveCfg = Release|Any CPU
		{B5E8DB12-450C-493F-8180-FCC0530B3BAA}.AppStore|ARM.Build.0 = Release|Any CPU
		{B5E8DB12-450C-493F-8180-FCC0530B3BAA}.AppStore|iPhone.ActiveCfg = Release|Any CPU
		{B5E8DB12-450C-493F-8180-FCC0530B3BAA}.AppStore|iPhone.Build.0 = Release|Any CPU
		{B5E8DB12-450C-493F-8180-FCC0530B3BAA}.AppStore|iPhoneSimulator.ActiveCfg = Release|Any CPU
		{B5E8DB12-450C-493F-8180-FCC0530B3BAA}.AppStore|iPhoneSimulator.Build.0 = Release|Any CPU
		{B5E8DB12-450C-493F-8180-FCC0530B3BAA}.AppStore|x64.ActiveCfg = Release|Any CPU
		{B5E8DB12-450C-493F-8180-FCC0530B3BAA}.AppStore|x64.Build.0 = Release|Any CPU
		{B5E8DB12-450C-493F-8180-FCC0530B3BAA}.AppStore|x86.ActiveCfg = Release|Any CPU
		{B5E8DB12-450C-493F-8180-FCC0530B3BAA}.AppStore|x86.Build.0 = Release|Any CPU
		{B5E8DB12-450C-493F-8180-FCC0530B3BAA}.Debug|Any CPU.ActiveCfg = Debug|Any CPU
		{B5E8DB12-450C-493F-8180-FCC0530B3BAA}.Debug|Any CPU.Build.0 = Debug|Any CPU
		{B5E8DB12-450C-493F-8180-FCC0530B3BAA}.Debug|ARM.ActiveCfg = Debug|Any CPU
		{B5E8DB12-450C-493F-8180-FCC0530B3BAA}.Debug|ARM.Build.0 = Debug|Any CPU
		{B5E8DB12-450C-493F-8180-FCC0530B3BAA}.Debug|iPhone.ActiveCfg = Debug|Any CPU
		{B5E8DB12-450C-493F-8180-FCC0530B3BAA}.Debug|iPhone.Build.0 = Debug|Any CPU
		{B5E8DB12-450C-493F-8180-FCC0530B3BAA}.Debug|iPhoneSimulator.ActiveCfg = Debug|Any CPU
		{B5E8DB12-450C-493F-8180-FCC0530B3BAA}.Debug|iPhoneSimulator.Build.0 = Debug|Any CPU
		{B5E8DB12-450C-493F-8180-FCC0530B3BAA}.Debug|x64.ActiveCfg = Debug|Any CPU
		{B5E8DB12-450C-493F-8180-FCC0530B3BAA}.Debug|x64.Build.0 = Debug|Any CPU
		{B5E8DB12-450C-493F-8180-FCC0530B3BAA}.Debug|x86.ActiveCfg = Debug|Any CPU
		{B5E8DB12-450C-493F-8180-FCC0530B3BAA}.Debug|x86.Build.0 = Debug|Any CPU
		{B5E8DB12-450C-493F-8180-FCC0530B3BAA}.Release|Any CPU.ActiveCfg = Release|Any CPU
		{B5E8DB12-450C-493F-8180-FCC0530B3BAA}.Release|Any CPU.Build.0 = Release|Any CPU
		{B5E8DB12-450C-493F-8180-FCC0530B3BAA}.Release|ARM.ActiveCfg = Release|Any CPU
		{B5E8DB12-450C-493F-8180-FCC0530B3BAA}.Release|ARM.Build.0 = Release|Any CPU
		{B5E8DB12-450C-493F-8180-FCC0530B3BAA}.Release|iPhone.ActiveCfg = Release|Any CPU
		{B5E8DB12-450C-493F-8180-FCC0530B3BAA}.Release|iPhone.Build.0 = Release|Any CPU
		{B5E8DB12-450C-493F-8180-FCC0530B3BAA}.Release|iPhoneSimulator.ActiveCfg = Release|Any CPU
		{B5E8DB12-450C-493F-8180-FCC0530B3BAA}.Release|iPhoneSimulator.Build.0 = Release|Any CPU
		{B5E8DB12-450C-493F-8180-FCC0530B3BAA}.Release|x64.ActiveCfg = Release|Any CPU
		{B5E8DB12-450C-493F-8180-FCC0530B3BAA}.Release|x64.Build.0 = Release|Any CPU
		{B5E8DB12-450C-493F-8180-FCC0530B3BAA}.Release|x86.ActiveCfg = Release|Any CPU
		{B5E8DB12-450C-493F-8180-FCC0530B3BAA}.Release|x86.Build.0 = Release|Any CPU
		{E20F08B8-7E36-4D44-97FC-23B5C5E55DB1}.Ad-Hoc|Any CPU.ActiveCfg = Release|x86
		{E20F08B8-7E36-4D44-97FC-23B5C5E55DB1}.Ad-Hoc|Any CPU.Build.0 = Release|x86
		{E20F08B8-7E36-4D44-97FC-23B5C5E55DB1}.Ad-Hoc|Any CPU.Deploy.0 = Release|x86
		{E20F08B8-7E36-4D44-97FC-23B5C5E55DB1}.Ad-Hoc|ARM.ActiveCfg = Release|ARM
		{E20F08B8-7E36-4D44-97FC-23B5C5E55DB1}.Ad-Hoc|ARM.Build.0 = Release|ARM
		{E20F08B8-7E36-4D44-97FC-23B5C5E55DB1}.Ad-Hoc|ARM.Deploy.0 = Release|ARM
		{E20F08B8-7E36-4D44-97FC-23B5C5E55DB1}.Ad-Hoc|iPhone.ActiveCfg = Release|x86
		{E20F08B8-7E36-4D44-97FC-23B5C5E55DB1}.Ad-Hoc|iPhone.Build.0 = Release|x86
		{E20F08B8-7E36-4D44-97FC-23B5C5E55DB1}.Ad-Hoc|iPhone.Deploy.0 = Release|x86
		{E20F08B8-7E36-4D44-97FC-23B5C5E55DB1}.Ad-Hoc|iPhoneSimulator.ActiveCfg = Release|x86
		{E20F08B8-7E36-4D44-97FC-23B5C5E55DB1}.Ad-Hoc|iPhoneSimulator.Build.0 = Release|x86
		{E20F08B8-7E36-4D44-97FC-23B5C5E55DB1}.Ad-Hoc|iPhoneSimulator.Deploy.0 = Release|x86
		{E20F08B8-7E36-4D44-97FC-23B5C5E55DB1}.Ad-Hoc|x64.ActiveCfg = Release|x64
		{E20F08B8-7E36-4D44-97FC-23B5C5E55DB1}.Ad-Hoc|x64.Build.0 = Release|x64
		{E20F08B8-7E36-4D44-97FC-23B5C5E55DB1}.Ad-Hoc|x64.Deploy.0 = Release|x64
		{E20F08B8-7E36-4D44-97FC-23B5C5E55DB1}.Ad-Hoc|x86.ActiveCfg = Release|x86
		{E20F08B8-7E36-4D44-97FC-23B5C5E55DB1}.Ad-Hoc|x86.Build.0 = Release|x86
		{E20F08B8-7E36-4D44-97FC-23B5C5E55DB1}.Ad-Hoc|x86.Deploy.0 = Release|x86
		{E20F08B8-7E36-4D44-97FC-23B5C5E55DB1}.AppStore|Any CPU.ActiveCfg = Release|x86
		{E20F08B8-7E36-4D44-97FC-23B5C5E55DB1}.AppStore|Any CPU.Build.0 = Release|x86
		{E20F08B8-7E36-4D44-97FC-23B5C5E55DB1}.AppStore|Any CPU.Deploy.0 = Release|x86
		{E20F08B8-7E36-4D44-97FC-23B5C5E55DB1}.AppStore|ARM.ActiveCfg = Release|ARM
		{E20F08B8-7E36-4D44-97FC-23B5C5E55DB1}.AppStore|ARM.Build.0 = Release|ARM
		{E20F08B8-7E36-4D44-97FC-23B5C5E55DB1}.AppStore|ARM.Deploy.0 = Release|ARM
		{E20F08B8-7E36-4D44-97FC-23B5C5E55DB1}.AppStore|iPhone.ActiveCfg = Release|x86
		{E20F08B8-7E36-4D44-97FC-23B5C5E55DB1}.AppStore|iPhone.Build.0 = Release|x86
		{E20F08B8-7E36-4D44-97FC-23B5C5E55DB1}.AppStore|iPhone.Deploy.0 = Release|x86
		{E20F08B8-7E36-4D44-97FC-23B5C5E55DB1}.AppStore|iPhoneSimulator.ActiveCfg = Release|x86
		{E20F08B8-7E36-4D44-97FC-23B5C5E55DB1}.AppStore|iPhoneSimulator.Build.0 = Release|x86
		{E20F08B8-7E36-4D44-97FC-23B5C5E55DB1}.AppStore|iPhoneSimulator.Deploy.0 = Release|x86
		{E20F08B8-7E36-4D44-97FC-23B5C5E55DB1}.AppStore|x64.ActiveCfg = Release|x64
		{E20F08B8-7E36-4D44-97FC-23B5C5E55DB1}.AppStore|x64.Build.0 = Release|x64
		{E20F08B8-7E36-4D44-97FC-23B5C5E55DB1}.AppStore|x64.Deploy.0 = Release|x64
		{E20F08B8-7E36-4D44-97FC-23B5C5E55DB1}.AppStore|x86.ActiveCfg = Release|x86
		{E20F08B8-7E36-4D44-97FC-23B5C5E55DB1}.AppStore|x86.Build.0 = Release|x86
		{E20F08B8-7E36-4D44-97FC-23B5C5E55DB1}.AppStore|x86.Deploy.0 = Release|x86
		{E20F08B8-7E36-4D44-97FC-23B5C5E55DB1}.Debug|Any CPU.ActiveCfg = Debug|x86
		{E20F08B8-7E36-4D44-97FC-23B5C5E55DB1}.Debug|ARM.ActiveCfg = Debug|ARM
		{E20F08B8-7E36-4D44-97FC-23B5C5E55DB1}.Debug|ARM.Build.0 = Debug|ARM
		{E20F08B8-7E36-4D44-97FC-23B5C5E55DB1}.Debug|ARM.Deploy.0 = Debug|ARM
		{E20F08B8-7E36-4D44-97FC-23B5C5E55DB1}.Debug|iPhone.ActiveCfg = Debug|x86
		{E20F08B8-7E36-4D44-97FC-23B5C5E55DB1}.Debug|iPhone.Build.0 = Debug|x86
		{E20F08B8-7E36-4D44-97FC-23B5C5E55DB1}.Debug|iPhone.Deploy.0 = Debug|x86
		{E20F08B8-7E36-4D44-97FC-23B5C5E55DB1}.Debug|iPhoneSimulator.ActiveCfg = Debug|x86
		{E20F08B8-7E36-4D44-97FC-23B5C5E55DB1}.Debug|x64.ActiveCfg = Debug|x64
		{E20F08B8-7E36-4D44-97FC-23B5C5E55DB1}.Debug|x64.Build.0 = Debug|x64
		{E20F08B8-7E36-4D44-97FC-23B5C5E55DB1}.Debug|x64.Deploy.0 = Debug|x64
		{E20F08B8-7E36-4D44-97FC-23B5C5E55DB1}.Debug|x86.ActiveCfg = Debug|x86
		{E20F08B8-7E36-4D44-97FC-23B5C5E55DB1}.Debug|x86.Build.0 = Debug|x86
		{E20F08B8-7E36-4D44-97FC-23B5C5E55DB1}.Debug|x86.Deploy.0 = Debug|x86
		{E20F08B8-7E36-4D44-97FC-23B5C5E55DB1}.Release|Any CPU.ActiveCfg = Release|x86
		{E20F08B8-7E36-4D44-97FC-23B5C5E55DB1}.Release|ARM.ActiveCfg = Release|ARM
		{E20F08B8-7E36-4D44-97FC-23B5C5E55DB1}.Release|ARM.Build.0 = Release|ARM
		{E20F08B8-7E36-4D44-97FC-23B5C5E55DB1}.Release|ARM.Deploy.0 = Release|ARM
		{E20F08B8-7E36-4D44-97FC-23B5C5E55DB1}.Release|iPhone.ActiveCfg = Release|x86
		{E20F08B8-7E36-4D44-97FC-23B5C5E55DB1}.Release|iPhoneSimulator.ActiveCfg = Release|x86
		{E20F08B8-7E36-4D44-97FC-23B5C5E55DB1}.Release|x64.ActiveCfg = Release|x64
		{E20F08B8-7E36-4D44-97FC-23B5C5E55DB1}.Release|x64.Build.0 = Release|x64
		{E20F08B8-7E36-4D44-97FC-23B5C5E55DB1}.Release|x64.Deploy.0 = Release|x64
		{E20F08B8-7E36-4D44-97FC-23B5C5E55DB1}.Release|x86.ActiveCfg = Release|x86
		{E20F08B8-7E36-4D44-97FC-23B5C5E55DB1}.Release|x86.Build.0 = Release|x86
		{E20F08B8-7E36-4D44-97FC-23B5C5E55DB1}.Release|x86.Deploy.0 = Release|x86
		{F885CBEA-B485-4A5C-AD6E-392E37078749}.Ad-Hoc|Any CPU.ActiveCfg = Ad-Hoc|iPhone
		{F885CBEA-B485-4A5C-AD6E-392E37078749}.Ad-Hoc|ARM.ActiveCfg = Ad-Hoc|iPhone
		{F885CBEA-B485-4A5C-AD6E-392E37078749}.Ad-Hoc|iPhone.ActiveCfg = Ad-Hoc|iPhone
		{F885CBEA-B485-4A5C-AD6E-392E37078749}.Ad-Hoc|iPhone.Build.0 = Ad-Hoc|iPhone
		{F885CBEA-B485-4A5C-AD6E-392E37078749}.Ad-Hoc|iPhoneSimulator.ActiveCfg = Ad-Hoc|iPhoneSimulator
		{F885CBEA-B485-4A5C-AD6E-392E37078749}.Ad-Hoc|iPhoneSimulator.Build.0 = Ad-Hoc|iPhoneSimulator
		{F885CBEA-B485-4A5C-AD6E-392E37078749}.Ad-Hoc|x64.ActiveCfg = Ad-Hoc|iPhone
		{F885CBEA-B485-4A5C-AD6E-392E37078749}.Ad-Hoc|x86.ActiveCfg = Ad-Hoc|iPhone
		{F885CBEA-B485-4A5C-AD6E-392E37078749}.AppStore|Any CPU.ActiveCfg = AppStore|iPhone
		{F885CBEA-B485-4A5C-AD6E-392E37078749}.AppStore|ARM.ActiveCfg = AppStore|iPhone
		{F885CBEA-B485-4A5C-AD6E-392E37078749}.AppStore|iPhone.ActiveCfg = AppStore|iPhone
		{F885CBEA-B485-4A5C-AD6E-392E37078749}.AppStore|iPhone.Build.0 = AppStore|iPhone
		{F885CBEA-B485-4A5C-AD6E-392E37078749}.AppStore|iPhoneSimulator.ActiveCfg = AppStore|iPhoneSimulator
		{F885CBEA-B485-4A5C-AD6E-392E37078749}.AppStore|iPhoneSimulator.Build.0 = AppStore|iPhoneSimulator
		{F885CBEA-B485-4A5C-AD6E-392E37078749}.AppStore|x64.ActiveCfg = AppStore|iPhone
		{F885CBEA-B485-4A5C-AD6E-392E37078749}.AppStore|x86.ActiveCfg = AppStore|iPhone
		{F885CBEA-B485-4A5C-AD6E-392E37078749}.Debug|Any CPU.ActiveCfg = Debug|iPhone
		{F885CBEA-B485-4A5C-AD6E-392E37078749}.Debug|ARM.ActiveCfg = Debug|iPhone
		{F885CBEA-B485-4A5C-AD6E-392E37078749}.Debug|iPhone.ActiveCfg = Debug|iPhone
		{F885CBEA-B485-4A5C-AD6E-392E37078749}.Debug|iPhone.Build.0 = Debug|iPhone
		{F885CBEA-B485-4A5C-AD6E-392E37078749}.Debug|iPhoneSimulator.ActiveCfg = Debug|iPhoneSimulator
		{F885CBEA-B485-4A5C-AD6E-392E37078749}.Debug|iPhoneSimulator.Build.0 = Debug|iPhoneSimulator
		{F885CBEA-B485-4A5C-AD6E-392E37078749}.Debug|x64.ActiveCfg = Debug|iPhone
		{F885CBEA-B485-4A5C-AD6E-392E37078749}.Debug|x86.ActiveCfg = Debug|iPhone
		{F885CBEA-B485-4A5C-AD6E-392E37078749}.Release|Any CPU.ActiveCfg = Release|iPhone
		{F885CBEA-B485-4A5C-AD6E-392E37078749}.Release|ARM.ActiveCfg = Release|iPhone
		{F885CBEA-B485-4A5C-AD6E-392E37078749}.Release|iPhone.ActiveCfg = Release|iPhone
		{F885CBEA-B485-4A5C-AD6E-392E37078749}.Release|iPhone.Build.0 = Release|iPhone
		{F885CBEA-B485-4A5C-AD6E-392E37078749}.Release|iPhoneSimulator.ActiveCfg = Release|iPhoneSimulator
		{F885CBEA-B485-4A5C-AD6E-392E37078749}.Release|iPhoneSimulator.Build.0 = Release|iPhoneSimulator
		{F885CBEA-B485-4A5C-AD6E-392E37078749}.Release|x64.ActiveCfg = Release|iPhone
		{F885CBEA-B485-4A5C-AD6E-392E37078749}.Release|x86.ActiveCfg = Release|iPhone
	EndGlobalSection
	GlobalSection(SolutionProperties) = preSolution
		HideSolutionNode = FALSE
	EndGlobalSection
EndGlobal
